
Microsoft Visual Studio Solution File, Format Version 12.00
# Visual Studio Version 16
VisualStudioVersion = 16.0.31229.75
MinimumVisualStudioVersion = 10.0.40219.1
Project("{D954291E-2A0B-460D-934E-DC6B0785DB48}") = "TestApp.Shared", "TestApp.Shared\TestApp.Shared.shproj", "{6279C845-92F8-4333-AB99-3D213163593C}"
EndProject
Project("{2150E333-8FDC-42A3-9474-1A3956D46DE8}") = "Platforms", "Platforms", "{F4B53951-0389-4615-87D1-B1BDA2BD4FE5}"
EndProject
Project("{FAE04EC0-301F-11D3-BF4B-00C04F79EFBC}") = "TestApp.Droid", "TestApp.Droid\TestApp.Droid.csproj", "{3EA32451-D6B6-4BA8-9E9D-2FDB47EA4A18}"
EndProject
Project("{FAE04EC0-301F-11D3-BF4B-00C04F79EFBC}") = "TestApp.iOS", "TestApp.iOS\TestApp.iOS.csproj", "{24DEE1F3-6F45-42B0-BDA4-15110DD52805}"
EndProject
Project("{FAE04EC0-301F-11D3-BF4B-00C04F79EFBC}") = "TestApp.UWP", "TestApp.UWP\TestApp.UWP.csproj", "{1D56A3BC-3E11-495F-93CA-D3D647413255}"
EndProject
Project("{FAE04EC0-301F-11D3-BF4B-00C04F79EFBC}") = "TestApp.Wasm", "TestApp.Wasm\TestApp.Wasm.csproj", "{1CB5AA43-1B35-4BF0-85A4-C5729D89086A}"
EndProject
Project("{FAE04EC0-301F-11D3-BF4B-00C04F79EFBC}") = "TestApp.macOS", "TestApp.macOS\TestApp.macOS.csproj", "{A3B684EA-BE08-4FD7-B296-7967C1645FD8}"
EndProject
Project("{FAE04EC0-301F-11D3-BF4B-00C04F79EFBC}") = "TestApp.Skia.Wpf.Host", "TestApp.Skia.Wpf.Host\TestApp.Skia.Wpf.Host.csproj", "{E7254023-D19A-4CF3-9B5D-C333FDF5235F}"
EndProject
Project("{FAE04EC0-301F-11D3-BF4B-00C04F79EFBC}") = "TestApp.Skia.Wpf", "TestApp.Skia.Wpf\TestApp.Skia.Wpf.csproj", "{216C5F76-5D92-4D56-93D8-F10A04E44C8A}"
EndProject
Project("{FAE04EC0-301F-11D3-BF4B-00C04F79EFBC}") = "TestApp.Skia.Gtk", "TestApp.Skia.Gtk\TestApp.Skia.Gtk.csproj", "{F66ACACA-FD05-469F-A8B0-B537BE947347}"
EndProject
Project("{FAE04EC0-301F-11D3-BF4B-00C04F79EFBC}") = "TestApp.Skia.Tizen", "TestApp.Skia.Tizen\TestApp.Skia.Tizen.csproj", "{7F9FEA98-3BC7-4105-B838-5F6C84CBBBA6}"
EndProject
Global
	GlobalSection(SharedMSBuildProjectFiles) = preSolution
		TestApp.Shared\TestApp.Shared.projitems*{1cb5aa43-1b35-4bf0-85a4-c5729d89086a}*SharedItemsImports = 5
		TestApp.Shared\TestApp.Shared.projitems*{1d56a3bc-3e11-495f-93ca-d3d647413255}*SharedItemsImports = 4
		TestApp.Shared\TestApp.Shared.projitems*{216c5f76-5d92-4d56-93d8-f10a04e44c8a}*SharedItemsImports = 5
		TestApp.Shared\TestApp.Shared.projitems*{24dee1f3-6f45-42b0-bda4-15110dd52805}*SharedItemsImports = 4
		TestApp.Shared\TestApp.Shared.projitems*{3ea32451-d6b6-4ba8-9e9d-2fdb47ea4a18}*SharedItemsImports = 4
		TestApp.Shared\TestApp.Shared.projitems*{6279c845-92f8-4333-ab99-3d213163593c}*SharedItemsImports = 13
		TestApp.Shared\TestApp.Shared.projitems*{7f9fea98-3bc7-4105-b838-5f6c84cbbba6}*SharedItemsImports = 5
		TestApp.Shared\TestApp.Shared.projitems*{a3b684ea-be08-4fd7-b296-7967c1645fd8}*SharedItemsImports = 4
		TestApp.Shared\TestApp.Shared.projitems*{f66acaca-fd05-469f-a8b0-b537be947347}*SharedItemsImports = 5
	EndGlobalSection
	GlobalSection(SolutionConfigurationPlatforms) = preSolution
		Ad-Hoc|Any CPU = Ad-Hoc|Any CPU
		Ad-Hoc|ARM = Ad-Hoc|ARM
		Ad-Hoc|ARM64 = Ad-Hoc|ARM64
		Ad-Hoc|iPhone = Ad-Hoc|iPhone
		Ad-Hoc|iPhoneSimulator = Ad-Hoc|iPhoneSimulator
		Ad-Hoc|x64 = Ad-Hoc|x64
		Ad-Hoc|x86 = Ad-Hoc|x86
		AppStore|Any CPU = AppStore|Any CPU
		AppStore|ARM = AppStore|ARM
		AppStore|ARM64 = AppStore|ARM64
		AppStore|iPhone = AppStore|iPhone
		AppStore|iPhoneSimulator = AppStore|iPhoneSimulator
		AppStore|x64 = AppStore|x64
		AppStore|x86 = AppStore|x86
		Debug|Any CPU = Debug|Any CPU
		Debug|ARM = Debug|ARM
		Debug|ARM64 = Debug|ARM64
		Debug|iPhone = Debug|iPhone
		Debug|iPhoneSimulator = Debug|iPhoneSimulator
		Debug|x64 = Debug|x64
		Debug|x86 = Debug|x86
		Release|Any CPU = Release|Any CPU
		Release|ARM = Release|ARM
		Release|ARM64 = Release|ARM64
		Release|iPhone = Release|iPhone
		Release|iPhoneSimulator = Release|iPhoneSimulator
		Release|x64 = Release|x64
		Release|x86 = Release|x86
	EndGlobalSection
	GlobalSection(ProjectConfigurationPlatforms) = postSolution
		{3EA32451-D6B6-4BA8-9E9D-2FDB47EA4A18}.Ad-Hoc|Any CPU.ActiveCfg = Debug|Any CPU
		{3EA32451-D6B6-4BA8-9E9D-2FDB47EA4A18}.Ad-Hoc|Any CPU.Build.0 = Debug|Any CPU
		{3EA32451-D6B6-4BA8-9E9D-2FDB47EA4A18}.Ad-Hoc|Any CPU.Deploy.0 = Debug|Any CPU
		{3EA32451-D6B6-4BA8-9E9D-2FDB47EA4A18}.Ad-Hoc|ARM.ActiveCfg = Debug|Any CPU
		{3EA32451-D6B6-4BA8-9E9D-2FDB47EA4A18}.Ad-Hoc|ARM.Build.0 = Debug|Any CPU
		{3EA32451-D6B6-4BA8-9E9D-2FDB47EA4A18}.Ad-Hoc|ARM.Deploy.0 = Debug|Any CPU
		{3EA32451-D6B6-4BA8-9E9D-2FDB47EA4A18}.Ad-Hoc|ARM64.ActiveCfg = Debug|Any CPU
		{3EA32451-D6B6-4BA8-9E9D-2FDB47EA4A18}.Ad-Hoc|ARM64.Build.0 = Debug|Any CPU
		{3EA32451-D6B6-4BA8-9E9D-2FDB47EA4A18}.Ad-Hoc|ARM64.Deploy.0 = Debug|Any CPU
		{3EA32451-D6B6-4BA8-9E9D-2FDB47EA4A18}.Ad-Hoc|iPhone.ActiveCfg = Debug|Any CPU
		{3EA32451-D6B6-4BA8-9E9D-2FDB47EA4A18}.Ad-Hoc|iPhone.Build.0 = Debug|Any CPU
		{3EA32451-D6B6-4BA8-9E9D-2FDB47EA4A18}.Ad-Hoc|iPhone.Deploy.0 = Debug|Any CPU
		{3EA32451-D6B6-4BA8-9E9D-2FDB47EA4A18}.Ad-Hoc|iPhoneSimulator.ActiveCfg = Debug|Any CPU
		{3EA32451-D6B6-4BA8-9E9D-2FDB47EA4A18}.Ad-Hoc|iPhoneSimulator.Build.0 = Debug|Any CPU
		{3EA32451-D6B6-4BA8-9E9D-2FDB47EA4A18}.Ad-Hoc|iPhoneSimulator.Deploy.0 = Debug|Any CPU
		{3EA32451-D6B6-4BA8-9E9D-2FDB47EA4A18}.Ad-Hoc|x64.ActiveCfg = Debug|Any CPU
		{3EA32451-D6B6-4BA8-9E9D-2FDB47EA4A18}.Ad-Hoc|x64.Build.0 = Debug|Any CPU
		{3EA32451-D6B6-4BA8-9E9D-2FDB47EA4A18}.Ad-Hoc|x64.Deploy.0 = Debug|Any CPU
		{3EA32451-D6B6-4BA8-9E9D-2FDB47EA4A18}.Ad-Hoc|x86.ActiveCfg = Debug|Any CPU
		{3EA32451-D6B6-4BA8-9E9D-2FDB47EA4A18}.Ad-Hoc|x86.Build.0 = Debug|Any CPU
		{3EA32451-D6B6-4BA8-9E9D-2FDB47EA4A18}.Ad-Hoc|x86.Deploy.0 = Debug|Any CPU
		{3EA32451-D6B6-4BA8-9E9D-2FDB47EA4A18}.AppStore|Any CPU.ActiveCfg = Debug|Any CPU
		{3EA32451-D6B6-4BA8-9E9D-2FDB47EA4A18}.AppStore|Any CPU.Build.0 = Debug|Any CPU
		{3EA32451-D6B6-4BA8-9E9D-2FDB47EA4A18}.AppStore|Any CPU.Deploy.0 = Debug|Any CPU
		{3EA32451-D6B6-4BA8-9E9D-2FDB47EA4A18}.AppStore|ARM.ActiveCfg = Debug|Any CPU
		{3EA32451-D6B6-4BA8-9E9D-2FDB47EA4A18}.AppStore|ARM.Build.0 = Debug|Any CPU
		{3EA32451-D6B6-4BA8-9E9D-2FDB47EA4A18}.AppStore|ARM.Deploy.0 = Debug|Any CPU
		{3EA32451-D6B6-4BA8-9E9D-2FDB47EA4A18}.AppStore|ARM64.ActiveCfg = Debug|Any CPU
		{3EA32451-D6B6-4BA8-9E9D-2FDB47EA4A18}.AppStore|ARM64.Build.0 = Debug|Any CPU
		{3EA32451-D6B6-4BA8-9E9D-2FDB47EA4A18}.AppStore|ARM64.Deploy.0 = Debug|Any CPU
		{3EA32451-D6B6-4BA8-9E9D-2FDB47EA4A18}.AppStore|iPhone.ActiveCfg = Debug|Any CPU
		{3EA32451-D6B6-4BA8-9E9D-2FDB47EA4A18}.AppStore|iPhone.Build.0 = Debug|Any CPU
		{3EA32451-D6B6-4BA8-9E9D-2FDB47EA4A18}.AppStore|iPhone.Deploy.0 = Debug|Any CPU
		{3EA32451-D6B6-4BA8-9E9D-2FDB47EA4A18}.AppStore|iPhoneSimulator.ActiveCfg = Debug|Any CPU
		{3EA32451-D6B6-4BA8-9E9D-2FDB47EA4A18}.AppStore|iPhoneSimulator.Build.0 = Debug|Any CPU
		{3EA32451-D6B6-4BA8-9E9D-2FDB47EA4A18}.AppStore|iPhoneSimulator.Deploy.0 = Debug|Any CPU
		{3EA32451-D6B6-4BA8-9E9D-2FDB47EA4A18}.AppStore|x64.ActiveCfg = Debug|Any CPU
		{3EA32451-D6B6-4BA8-9E9D-2FDB47EA4A18}.AppStore|x64.Build.0 = Debug|Any CPU
		{3EA32451-D6B6-4BA8-9E9D-2FDB47EA4A18}.AppStore|x64.Deploy.0 = Debug|Any CPU
		{3EA32451-D6B6-4BA8-9E9D-2FDB47EA4A18}.AppStore|x86.ActiveCfg = Debug|Any CPU
		{3EA32451-D6B6-4BA8-9E9D-2FDB47EA4A18}.AppStore|x86.Build.0 = Debug|Any CPU
		{3EA32451-D6B6-4BA8-9E9D-2FDB47EA4A18}.AppStore|x86.Deploy.0 = Debug|Any CPU
		{3EA32451-D6B6-4BA8-9E9D-2FDB47EA4A18}.Debug|Any CPU.ActiveCfg = Debug|Any CPU
		{3EA32451-D6B6-4BA8-9E9D-2FDB47EA4A18}.Debug|Any CPU.Build.0 = Debug|Any CPU
		{3EA32451-D6B6-4BA8-9E9D-2FDB47EA4A18}.Debug|Any CPU.Deploy.0 = Debug|Any CPU
		{3EA32451-D6B6-4BA8-9E9D-2FDB47EA4A18}.Debug|ARM.ActiveCfg = Debug|Any CPU
		{3EA32451-D6B6-4BA8-9E9D-2FDB47EA4A18}.Debug|ARM.Build.0 = Debug|Any CPU
		{3EA32451-D6B6-4BA8-9E9D-2FDB47EA4A18}.Debug|ARM.Deploy.0 = Debug|Any CPU
		{3EA32451-D6B6-4BA8-9E9D-2FDB47EA4A18}.Debug|ARM64.ActiveCfg = Debug|Any CPU
		{3EA32451-D6B6-4BA8-9E9D-2FDB47EA4A18}.Debug|ARM64.Build.0 = Debug|Any CPU
		{3EA32451-D6B6-4BA8-9E9D-2FDB47EA4A18}.Debug|ARM64.Deploy.0 = Debug|Any CPU
		{3EA32451-D6B6-4BA8-9E9D-2FDB47EA4A18}.Debug|iPhone.ActiveCfg = Debug|Any CPU
		{3EA32451-D6B6-4BA8-9E9D-2FDB47EA4A18}.Debug|iPhone.Build.0 = Debug|Any CPU
		{3EA32451-D6B6-4BA8-9E9D-2FDB47EA4A18}.Debug|iPhone.Deploy.0 = Debug|Any CPU
		{3EA32451-D6B6-4BA8-9E9D-2FDB47EA4A18}.Debug|iPhoneSimulator.ActiveCfg = Debug|Any CPU
		{3EA32451-D6B6-4BA8-9E9D-2FDB47EA4A18}.Debug|iPhoneSimulator.Build.0 = Debug|Any CPU
		{3EA32451-D6B6-4BA8-9E9D-2FDB47EA4A18}.Debug|iPhoneSimulator.Deploy.0 = Debug|Any CPU
		{3EA32451-D6B6-4BA8-9E9D-2FDB47EA4A18}.Debug|x64.ActiveCfg = Debug|Any CPU
		{3EA32451-D6B6-4BA8-9E9D-2FDB47EA4A18}.Debug|x64.Build.0 = Debug|Any CPU
		{3EA32451-D6B6-4BA8-9E9D-2FDB47EA4A18}.Debug|x64.Deploy.0 = Debug|Any CPU
		{3EA32451-D6B6-4BA8-9E9D-2FDB47EA4A18}.Debug|x86.ActiveCfg = Debug|Any CPU
		{3EA32451-D6B6-4BA8-9E9D-2FDB47EA4A18}.Debug|x86.Build.0 = Debug|Any CPU
		{3EA32451-D6B6-4BA8-9E9D-2FDB47EA4A18}.Debug|x86.Deploy.0 = Debug|Any CPU
		{3EA32451-D6B6-4BA8-9E9D-2FDB47EA4A18}.Release|Any CPU.ActiveCfg = Release|Any CPU
		{3EA32451-D6B6-4BA8-9E9D-2FDB47EA4A18}.Release|Any CPU.Build.0 = Release|Any CPU
		{3EA32451-D6B6-4BA8-9E9D-2FDB47EA4A18}.Release|Any CPU.Deploy.0 = Release|Any CPU
		{3EA32451-D6B6-4BA8-9E9D-2FDB47EA4A18}.Release|ARM.ActiveCfg = Release|Any CPU
		{3EA32451-D6B6-4BA8-9E9D-2FDB47EA4A18}.Release|ARM.Build.0 = Release|Any CPU
		{3EA32451-D6B6-4BA8-9E9D-2FDB47EA4A18}.Release|ARM.Deploy.0 = Release|Any CPU
		{3EA32451-D6B6-4BA8-9E9D-2FDB47EA4A18}.Release|ARM64.ActiveCfg = Release|Any CPU
		{3EA32451-D6B6-4BA8-9E9D-2FDB47EA4A18}.Release|ARM64.Build.0 = Release|Any CPU
		{3EA32451-D6B6-4BA8-9E9D-2FDB47EA4A18}.Release|ARM64.Deploy.0 = Release|Any CPU
		{3EA32451-D6B6-4BA8-9E9D-2FDB47EA4A18}.Release|iPhone.ActiveCfg = Release|Any CPU
		{3EA32451-D6B6-4BA8-9E9D-2FDB47EA4A18}.Release|iPhone.Build.0 = Release|Any CPU
		{3EA32451-D6B6-4BA8-9E9D-2FDB47EA4A18}.Release|iPhone.Deploy.0 = Release|Any CPU
		{3EA32451-D6B6-4BA8-9E9D-2FDB47EA4A18}.Release|iPhoneSimulator.ActiveCfg = Release|Any CPU
		{3EA32451-D6B6-4BA8-9E9D-2FDB47EA4A18}.Release|iPhoneSimulator.Build.0 = Release|Any CPU
		{3EA32451-D6B6-4BA8-9E9D-2FDB47EA4A18}.Release|iPhoneSimulator.Deploy.0 = Release|Any CPU
		{3EA32451-D6B6-4BA8-9E9D-2FDB47EA4A18}.Release|x64.ActiveCfg = Release|Any CPU
		{3EA32451-D6B6-4BA8-9E9D-2FDB47EA4A18}.Release|x64.Build.0 = Release|Any CPU
		{3EA32451-D6B6-4BA8-9E9D-2FDB47EA4A18}.Release|x64.Deploy.0 = Release|Any CPU
		{3EA32451-D6B6-4BA8-9E9D-2FDB47EA4A18}.Release|x86.ActiveCfg = Release|Any CPU
		{3EA32451-D6B6-4BA8-9E9D-2FDB47EA4A18}.Release|x86.Build.0 = Release|Any CPU
		{3EA32451-D6B6-4BA8-9E9D-2FDB47EA4A18}.Release|x86.Deploy.0 = Release|Any CPU
		{24DEE1F3-6F45-42B0-BDA4-15110DD52805}.Ad-Hoc|Any CPU.ActiveCfg = Ad-Hoc|iPhoneSimulator
		{24DEE1F3-6F45-42B0-BDA4-15110DD52805}.Ad-Hoc|ARM.ActiveCfg = Ad-Hoc|iPhoneSimulator
		{24DEE1F3-6F45-42B0-BDA4-15110DD52805}.Ad-Hoc|ARM64.ActiveCfg = Ad-Hoc|iPhoneSimulator
		{24DEE1F3-6F45-42B0-BDA4-15110DD52805}.Ad-Hoc|iPhone.ActiveCfg = Ad-Hoc|iPhone
		{24DEE1F3-6F45-42B0-BDA4-15110DD52805}.Ad-Hoc|iPhone.Build.0 = Ad-Hoc|iPhone
		{24DEE1F3-6F45-42B0-BDA4-15110DD52805}.Ad-Hoc|iPhoneSimulator.ActiveCfg = Ad-Hoc|iPhoneSimulator
		{24DEE1F3-6F45-42B0-BDA4-15110DD52805}.Ad-Hoc|iPhoneSimulator.Build.0 = Ad-Hoc|iPhoneSimulator
		{24DEE1F3-6F45-42B0-BDA4-15110DD52805}.Ad-Hoc|x64.ActiveCfg = Ad-Hoc|iPhoneSimulator
		{24DEE1F3-6F45-42B0-BDA4-15110DD52805}.Ad-Hoc|x86.ActiveCfg = Ad-Hoc|iPhoneSimulator
		{24DEE1F3-6F45-42B0-BDA4-15110DD52805}.AppStore|Any CPU.ActiveCfg = AppStore|iPhoneSimulator
		{24DEE1F3-6F45-42B0-BDA4-15110DD52805}.AppStore|ARM.ActiveCfg = AppStore|iPhoneSimulator
		{24DEE1F3-6F45-42B0-BDA4-15110DD52805}.AppStore|ARM64.ActiveCfg = AppStore|iPhoneSimulator
		{24DEE1F3-6F45-42B0-BDA4-15110DD52805}.AppStore|iPhone.ActiveCfg = AppStore|iPhone
		{24DEE1F3-6F45-42B0-BDA4-15110DD52805}.AppStore|iPhone.Build.0 = AppStore|iPhone
		{24DEE1F3-6F45-42B0-BDA4-15110DD52805}.AppStore|iPhoneSimulator.ActiveCfg = AppStore|iPhoneSimulator
		{24DEE1F3-6F45-42B0-BDA4-15110DD52805}.AppStore|iPhoneSimulator.Build.0 = AppStore|iPhoneSimulator
		{24DEE1F3-6F45-42B0-BDA4-15110DD52805}.AppStore|x64.ActiveCfg = AppStore|iPhoneSimulator
		{24DEE1F3-6F45-42B0-BDA4-15110DD52805}.AppStore|x86.ActiveCfg = AppStore|iPhoneSimulator
		{24DEE1F3-6F45-42B0-BDA4-15110DD52805}.Debug|Any CPU.ActiveCfg = Debug|iPhoneSimulator
		{24DEE1F3-6F45-42B0-BDA4-15110DD52805}.Debug|ARM.ActiveCfg = Debug|iPhoneSimulator
		{24DEE1F3-6F45-42B0-BDA4-15110DD52805}.Debug|ARM64.ActiveCfg = Debug|iPhoneSimulator
		{24DEE1F3-6F45-42B0-BDA4-15110DD52805}.Debug|iPhone.ActiveCfg = Debug|iPhone
		{24DEE1F3-6F45-42B0-BDA4-15110DD52805}.Debug|iPhone.Build.0 = Debug|iPhone
		{24DEE1F3-6F45-42B0-BDA4-15110DD52805}.Debug|iPhoneSimulator.ActiveCfg = Debug|iPhoneSimulator
		{24DEE1F3-6F45-42B0-BDA4-15110DD52805}.Debug|iPhoneSimulator.Build.0 = Debug|iPhoneSimulator
		{24DEE1F3-6F45-42B0-BDA4-15110DD52805}.Debug|x64.ActiveCfg = Debug|iPhoneSimulator
		{24DEE1F3-6F45-42B0-BDA4-15110DD52805}.Debug|x86.ActiveCfg = Debug|iPhoneSimulator
		{24DEE1F3-6F45-42B0-BDA4-15110DD52805}.Release|Any CPU.ActiveCfg = Release|iPhoneSimulator
		{24DEE1F3-6F45-42B0-BDA4-15110DD52805}.Release|ARM.ActiveCfg = Release|iPhoneSimulator
		{24DEE1F3-6F45-42B0-BDA4-15110DD52805}.Release|ARM64.ActiveCfg = Release|iPhoneSimulator
		{24DEE1F3-6F45-42B0-BDA4-15110DD52805}.Release|iPhone.ActiveCfg = Release|iPhone
		{24DEE1F3-6F45-42B0-BDA4-15110DD52805}.Release|iPhone.Build.0 = Release|iPhone
		{24DEE1F3-6F45-42B0-BDA4-15110DD52805}.Release|iPhoneSimulator.ActiveCfg = Release|iPhoneSimulator
		{24DEE1F3-6F45-42B0-BDA4-15110DD52805}.Release|iPhoneSimulator.Build.0 = Release|iPhoneSimulator
		{24DEE1F3-6F45-42B0-BDA4-15110DD52805}.Release|x64.ActiveCfg = Release|iPhoneSimulator
		{24DEE1F3-6F45-42B0-BDA4-15110DD52805}.Release|x86.ActiveCfg = Release|iPhoneSimulator
		{1D56A3BC-3E11-495F-93CA-D3D647413255}.Ad-Hoc|Any CPU.ActiveCfg = Debug|x86
		{1D56A3BC-3E11-495F-93CA-D3D647413255}.Ad-Hoc|Any CPU.Build.0 = Debug|x86
		{1D56A3BC-3E11-495F-93CA-D3D647413255}.Ad-Hoc|Any CPU.Deploy.0 = Debug|x86
		{1D56A3BC-3E11-495F-93CA-D3D647413255}.Ad-Hoc|ARM.ActiveCfg = Debug|ARM
		{1D56A3BC-3E11-495F-93CA-D3D647413255}.Ad-Hoc|ARM.Build.0 = Debug|ARM
		{1D56A3BC-3E11-495F-93CA-D3D647413255}.Ad-Hoc|ARM.Deploy.0 = Debug|ARM
		{1D56A3BC-3E11-495F-93CA-D3D647413255}.Ad-Hoc|ARM64.ActiveCfg = Debug|ARM64
		{1D56A3BC-3E11-495F-93CA-D3D647413255}.Ad-Hoc|ARM64.Build.0 = Debug|ARM64
		{1D56A3BC-3E11-495F-93CA-D3D647413255}.Ad-Hoc|ARM64.Deploy.0 = Debug|ARM64
		{1D56A3BC-3E11-495F-93CA-D3D647413255}.Ad-Hoc|iPhone.ActiveCfg = Debug|x86
		{1D56A3BC-3E11-495F-93CA-D3D647413255}.Ad-Hoc|iPhone.Build.0 = Debug|x86
		{1D56A3BC-3E11-495F-93CA-D3D647413255}.Ad-Hoc|iPhone.Deploy.0 = Debug|x86
		{1D56A3BC-3E11-495F-93CA-D3D647413255}.Ad-Hoc|iPhoneSimulator.ActiveCfg = Debug|x86
		{1D56A3BC-3E11-495F-93CA-D3D647413255}.Ad-Hoc|iPhoneSimulator.Build.0 = Debug|x86
		{1D56A3BC-3E11-495F-93CA-D3D647413255}.Ad-Hoc|iPhoneSimulator.Deploy.0 = Debug|x86
		{1D56A3BC-3E11-495F-93CA-D3D647413255}.Ad-Hoc|x64.ActiveCfg = Debug|x64
		{1D56A3BC-3E11-495F-93CA-D3D647413255}.Ad-Hoc|x64.Build.0 = Debug|x64
		{1D56A3BC-3E11-495F-93CA-D3D647413255}.Ad-Hoc|x64.Deploy.0 = Debug|x64
		{1D56A3BC-3E11-495F-93CA-D3D647413255}.Ad-Hoc|x86.ActiveCfg = Debug|x86
		{1D56A3BC-3E11-495F-93CA-D3D647413255}.Ad-Hoc|x86.Build.0 = Debug|x86
		{1D56A3BC-3E11-495F-93CA-D3D647413255}.Ad-Hoc|x86.Deploy.0 = Debug|x86
		{1D56A3BC-3E11-495F-93CA-D3D647413255}.AppStore|Any CPU.ActiveCfg = Debug|x86
		{1D56A3BC-3E11-495F-93CA-D3D647413255}.AppStore|Any CPU.Build.0 = Debug|x86
		{1D56A3BC-3E11-495F-93CA-D3D647413255}.AppStore|Any CPU.Deploy.0 = Debug|x86
		{1D56A3BC-3E11-495F-93CA-D3D647413255}.AppStore|ARM.ActiveCfg = Debug|ARM
		{1D56A3BC-3E11-495F-93CA-D3D647413255}.AppStore|ARM.Build.0 = Debug|ARM
		{1D56A3BC-3E11-495F-93CA-D3D647413255}.AppStore|ARM.Deploy.0 = Debug|ARM
		{1D56A3BC-3E11-495F-93CA-D3D647413255}.AppStore|ARM64.ActiveCfg = Debug|ARM64
		{1D56A3BC-3E11-495F-93CA-D3D647413255}.AppStore|ARM64.Build.0 = Debug|ARM64
		{1D56A3BC-3E11-495F-93CA-D3D647413255}.AppStore|ARM64.Deploy.0 = Debug|ARM64
		{1D56A3BC-3E11-495F-93CA-D3D647413255}.AppStore|iPhone.ActiveCfg = Debug|x86
		{1D56A3BC-3E11-495F-93CA-D3D647413255}.AppStore|iPhone.Build.0 = Debug|x86
		{1D56A3BC-3E11-495F-93CA-D3D647413255}.AppStore|iPhone.Deploy.0 = Debug|x86
		{1D56A3BC-3E11-495F-93CA-D3D647413255}.AppStore|iPhoneSimulator.ActiveCfg = Debug|x86
		{1D56A3BC-3E11-495F-93CA-D3D647413255}.AppStore|iPhoneSimulator.Build.0 = Debug|x86
		{1D56A3BC-3E11-495F-93CA-D3D647413255}.AppStore|iPhoneSimulator.Deploy.0 = Debug|x86
		{1D56A3BC-3E11-495F-93CA-D3D647413255}.AppStore|x64.ActiveCfg = Debug|x64
		{1D56A3BC-3E11-495F-93CA-D3D647413255}.AppStore|x64.Build.0 = Debug|x64
		{1D56A3BC-3E11-495F-93CA-D3D647413255}.AppStore|x64.Deploy.0 = Debug|x64
		{1D56A3BC-3E11-495F-93CA-D3D647413255}.AppStore|x86.ActiveCfg = Debug|x86
		{1D56A3BC-3E11-495F-93CA-D3D647413255}.AppStore|x86.Build.0 = Debug|x86
		{1D56A3BC-3E11-495F-93CA-D3D647413255}.AppStore|x86.Deploy.0 = Debug|x86
		{1D56A3BC-3E11-495F-93CA-D3D647413255}.Debug|Any CPU.ActiveCfg = Debug|x86
		{1D56A3BC-3E11-495F-93CA-D3D647413255}.Debug|Any CPU.Build.0 = Debug|x86
		{1D56A3BC-3E11-495F-93CA-D3D647413255}.Debug|Any CPU.Deploy.0 = Debug|x86
		{1D56A3BC-3E11-495F-93CA-D3D647413255}.Debug|ARM.ActiveCfg = Debug|ARM
		{1D56A3BC-3E11-495F-93CA-D3D647413255}.Debug|ARM.Build.0 = Debug|ARM
		{1D56A3BC-3E11-495F-93CA-D3D647413255}.Debug|ARM.Deploy.0 = Debug|ARM
		{1D56A3BC-3E11-495F-93CA-D3D647413255}.Debug|ARM64.ActiveCfg = Debug|ARM64
		{1D56A3BC-3E11-495F-93CA-D3D647413255}.Debug|ARM64.Build.0 = Debug|ARM64
		{1D56A3BC-3E11-495F-93CA-D3D647413255}.Debug|ARM64.Deploy.0 = Debug|ARM64
		{1D56A3BC-3E11-495F-93CA-D3D647413255}.Debug|iPhone.ActiveCfg = Debug|x86
		{1D56A3BC-3E11-495F-93CA-D3D647413255}.Debug|iPhoneSimulator.ActiveCfg = Debug|x86
		{1D56A3BC-3E11-495F-93CA-D3D647413255}.Debug|x64.ActiveCfg = Debug|x64
		{1D56A3BC-3E11-495F-93CA-D3D647413255}.Debug|x64.Build.0 = Debug|x64
		{1D56A3BC-3E11-495F-93CA-D3D647413255}.Debug|x64.Deploy.0 = Debug|x64
		{1D56A3BC-3E11-495F-93CA-D3D647413255}.Debug|x86.ActiveCfg = Debug|x86
		{1D56A3BC-3E11-495F-93CA-D3D647413255}.Debug|x86.Build.0 = Debug|x86
		{1D56A3BC-3E11-495F-93CA-D3D647413255}.Debug|x86.Deploy.0 = Debug|x86
		{1D56A3BC-3E11-495F-93CA-D3D647413255}.Release|Any CPU.ActiveCfg = Release|x86
		{1D56A3BC-3E11-495F-93CA-D3D647413255}.Release|ARM.ActiveCfg = Release|ARM
		{1D56A3BC-3E11-495F-93CA-D3D647413255}.Release|ARM.Build.0 = Release|ARM
		{1D56A3BC-3E11-495F-93CA-D3D647413255}.Release|ARM.Deploy.0 = Release|ARM
		{1D56A3BC-3E11-495F-93CA-D3D647413255}.Release|ARM64.ActiveCfg = Release|ARM64
		{1D56A3BC-3E11-495F-93CA-D3D647413255}.Release|ARM64.Build.0 = Release|ARM64
		{1D56A3BC-3E11-495F-93CA-D3D647413255}.Release|ARM64.Deploy.0 = Release|ARM64
		{1D56A3BC-3E11-495F-93CA-D3D647413255}.Release|iPhone.ActiveCfg = Release|x86
		{1D56A3BC-3E11-495F-93CA-D3D647413255}.Release|iPhoneSimulator.ActiveCfg = Release|x86
		{1D56A3BC-3E11-495F-93CA-D3D647413255}.Release|x64.ActiveCfg = Release|x64
		{1D56A3BC-3E11-495F-93CA-D3D647413255}.Release|x64.Build.0 = Release|x64
		{1D56A3BC-3E11-495F-93CA-D3D647413255}.Release|x64.Deploy.0 = Release|x64
		{1D56A3BC-3E11-495F-93CA-D3D647413255}.Release|x86.ActiveCfg = Release|x86
		{1D56A3BC-3E11-495F-93CA-D3D647413255}.Release|x86.Build.0 = Release|x86
		{1D56A3BC-3E11-495F-93CA-D3D647413255}.Release|x86.Deploy.0 = Release|x86
		{1CB5AA43-1B35-4BF0-85A4-C5729D89086A}.Ad-Hoc|Any CPU.ActiveCfg = Debug|Any CPU
		{1CB5AA43-1B35-4BF0-85A4-C5729D89086A}.Ad-Hoc|Any CPU.Build.0 = Debug|Any CPU
		{1CB5AA43-1B35-4BF0-85A4-C5729D89086A}.Ad-Hoc|ARM.ActiveCfg = Debug|Any CPU
		{1CB5AA43-1B35-4BF0-85A4-C5729D89086A}.Ad-Hoc|ARM.Build.0 = Debug|Any CPU
		{1CB5AA43-1B35-4BF0-85A4-C5729D89086A}.Ad-Hoc|ARM64.ActiveCfg = Debug|Any CPU
		{1CB5AA43-1B35-4BF0-85A4-C5729D89086A}.Ad-Hoc|ARM64.Build.0 = Debug|Any CPU
		{1CB5AA43-1B35-4BF0-85A4-C5729D89086A}.Ad-Hoc|iPhone.ActiveCfg = Debug|Any CPU
		{1CB5AA43-1B35-4BF0-85A4-C5729D89086A}.Ad-Hoc|iPhone.Build.0 = Debug|Any CPU
		{1CB5AA43-1B35-4BF0-85A4-C5729D89086A}.Ad-Hoc|iPhoneSimulator.ActiveCfg = Debug|Any CPU
		{1CB5AA43-1B35-4BF0-85A4-C5729D89086A}.Ad-Hoc|iPhoneSimulator.Build.0 = Debug|Any CPU
		{1CB5AA43-1B35-4BF0-85A4-C5729D89086A}.Ad-Hoc|x64.ActiveCfg = Debug|Any CPU
		{1CB5AA43-1B35-4BF0-85A4-C5729D89086A}.Ad-Hoc|x64.Build.0 = Debug|Any CPU
		{1CB5AA43-1B35-4BF0-85A4-C5729D89086A}.Ad-Hoc|x86.ActiveCfg = Debug|Any CPU
		{1CB5AA43-1B35-4BF0-85A4-C5729D89086A}.Ad-Hoc|x86.Build.0 = Debug|Any CPU
		{1CB5AA43-1B35-4BF0-85A4-C5729D89086A}.AppStore|Any CPU.ActiveCfg = Debug|Any CPU
		{1CB5AA43-1B35-4BF0-85A4-C5729D89086A}.AppStore|Any CPU.Build.0 = Debug|Any CPU
		{1CB5AA43-1B35-4BF0-85A4-C5729D89086A}.AppStore|ARM.ActiveCfg = Debug|Any CPU
		{1CB5AA43-1B35-4BF0-85A4-C5729D89086A}.AppStore|ARM.Build.0 = Debug|Any CPU
		{1CB5AA43-1B35-4BF0-85A4-C5729D89086A}.AppStore|ARM64.ActiveCfg = Debug|Any CPU
		{1CB5AA43-1B35-4BF0-85A4-C5729D89086A}.AppStore|ARM64.Build.0 = Debug|Any CPU
		{1CB5AA43-1B35-4BF0-85A4-C5729D89086A}.AppStore|iPhone.ActiveCfg = Debug|Any CPU
		{1CB5AA43-1B35-4BF0-85A4-C5729D89086A}.AppStore|iPhone.Build.0 = Debug|Any CPU
		{1CB5AA43-1B35-4BF0-85A4-C5729D89086A}.AppStore|iPhoneSimulator.ActiveCfg = Debug|Any CPU
		{1CB5AA43-1B35-4BF0-85A4-C5729D89086A}.AppStore|iPhoneSimulator.Build.0 = Debug|Any CPU
		{1CB5AA43-1B35-4BF0-85A4-C5729D89086A}.AppStore|x64.ActiveCfg = Debug|Any CPU
		{1CB5AA43-1B35-4BF0-85A4-C5729D89086A}.AppStore|x64.Build.0 = Debug|Any CPU
		{1CB5AA43-1B35-4BF0-85A4-C5729D89086A}.AppStore|x86.ActiveCfg = Debug|Any CPU
		{1CB5AA43-1B35-4BF0-85A4-C5729D89086A}.AppStore|x86.Build.0 = Debug|Any CPU
		{1CB5AA43-1B35-4BF0-85A4-C5729D89086A}.Debug|Any CPU.ActiveCfg = Debug|Any CPU
		{1CB5AA43-1B35-4BF0-85A4-C5729D89086A}.Debug|Any CPU.Build.0 = Debug|Any CPU
		{1CB5AA43-1B35-4BF0-85A4-C5729D89086A}.Debug|ARM.ActiveCfg = Debug|Any CPU
		{1CB5AA43-1B35-4BF0-85A4-C5729D89086A}.Debug|ARM.Build.0 = Debug|Any CPU
		{1CB5AA43-1B35-4BF0-85A4-C5729D89086A}.Debug|ARM64.ActiveCfg = Debug|Any CPU
		{1CB5AA43-1B35-4BF0-85A4-C5729D89086A}.Debug|ARM64.Build.0 = Debug|Any CPU
		{1CB5AA43-1B35-4BF0-85A4-C5729D89086A}.Debug|iPhone.ActiveCfg = Debug|Any CPU
		{1CB5AA43-1B35-4BF0-85A4-C5729D89086A}.Debug|iPhone.Build.0 = Debug|Any CPU
		{1CB5AA43-1B35-4BF0-85A4-C5729D89086A}.Debug|iPhoneSimulator.ActiveCfg = Debug|Any CPU
		{1CB5AA43-1B35-4BF0-85A4-C5729D89086A}.Debug|iPhoneSimulator.Build.0 = Debug|Any CPU
		{1CB5AA43-1B35-4BF0-85A4-C5729D89086A}.Debug|x64.ActiveCfg = Debug|Any CPU
		{1CB5AA43-1B35-4BF0-85A4-C5729D89086A}.Debug|x64.Build.0 = Debug|Any CPU
		{1CB5AA43-1B35-4BF0-85A4-C5729D89086A}.Debug|x86.ActiveCfg = Debug|Any CPU
		{1CB5AA43-1B35-4BF0-85A4-C5729D89086A}.Debug|x86.Build.0 = Debug|Any CPU
		{1CB5AA43-1B35-4BF0-85A4-C5729D89086A}.Release|Any CPU.ActiveCfg = Release|Any CPU
		{1CB5AA43-1B35-4BF0-85A4-C5729D89086A}.Release|Any CPU.Build.0 = Release|Any CPU
		{1CB5AA43-1B35-4BF0-85A4-C5729D89086A}.Release|ARM.ActiveCfg = Release|Any CPU
		{1CB5AA43-1B35-4BF0-85A4-C5729D89086A}.Release|ARM.Build.0 = Release|Any CPU
		{1CB5AA43-1B35-4BF0-85A4-C5729D89086A}.Release|ARM64.ActiveCfg = Release|Any CPU
		{1CB5AA43-1B35-4BF0-85A4-C5729D89086A}.Release|ARM64.Build.0 = Release|Any CPU
		{1CB5AA43-1B35-4BF0-85A4-C5729D89086A}.Release|iPhone.ActiveCfg = Release|Any CPU
		{1CB5AA43-1B35-4BF0-85A4-C5729D89086A}.Release|iPhone.Build.0 = Release|Any CPU
		{1CB5AA43-1B35-4BF0-85A4-C5729D89086A}.Release|iPhoneSimulator.ActiveCfg = Release|Any CPU
		{1CB5AA43-1B35-4BF0-85A4-C5729D89086A}.Release|iPhoneSimulator.Build.0 = Release|Any CPU
		{1CB5AA43-1B35-4BF0-85A4-C5729D89086A}.Release|x64.ActiveCfg = Release|Any CPU
		{1CB5AA43-1B35-4BF0-85A4-C5729D89086A}.Release|x64.Build.0 = Release|Any CPU
		{1CB5AA43-1B35-4BF0-85A4-C5729D89086A}.Release|x86.ActiveCfg = Release|Any CPU
		{1CB5AA43-1B35-4BF0-85A4-C5729D89086A}.Release|x86.Build.0 = Release|Any CPU
		{A3B684EA-BE08-4FD7-B296-7967C1645FD8}.Ad-Hoc|Any CPU.ActiveCfg = Debug|iPhoneSimulator
		{A3B684EA-BE08-4FD7-B296-7967C1645FD8}.Ad-Hoc|Any CPU.Build.0 = Debug|iPhoneSimulator
		{A3B684EA-BE08-4FD7-B296-7967C1645FD8}.Ad-Hoc|ARM.ActiveCfg = Debug|iPhoneSimulator
		{A3B684EA-BE08-4FD7-B296-7967C1645FD8}.Ad-Hoc|ARM.Build.0 = Debug|iPhoneSimulator
		{A3B684EA-BE08-4FD7-B296-7967C1645FD8}.Ad-Hoc|ARM64.ActiveCfg = Debug|iPhoneSimulator
		{A3B684EA-BE08-4FD7-B296-7967C1645FD8}.Ad-Hoc|ARM64.Build.0 = Debug|iPhoneSimulator
		{A3B684EA-BE08-4FD7-B296-7967C1645FD8}.Ad-Hoc|iPhone.ActiveCfg = Debug|iPhoneSimulator
		{A3B684EA-BE08-4FD7-B296-7967C1645FD8}.Ad-Hoc|iPhone.Build.0 = Debug|iPhoneSimulator
		{A3B684EA-BE08-4FD7-B296-7967C1645FD8}.Ad-Hoc|iPhoneSimulator.ActiveCfg = Debug|iPhoneSimulator
		{A3B684EA-BE08-4FD7-B296-7967C1645FD8}.Ad-Hoc|iPhoneSimulator.Build.0 = Debug|iPhoneSimulator
		{A3B684EA-BE08-4FD7-B296-7967C1645FD8}.Ad-Hoc|x64.ActiveCfg = Debug|iPhoneSimulator
		{A3B684EA-BE08-4FD7-B296-7967C1645FD8}.Ad-Hoc|x64.Build.0 = Debug|iPhoneSimulator
		{A3B684EA-BE08-4FD7-B296-7967C1645FD8}.Ad-Hoc|x86.ActiveCfg = Debug|iPhoneSimulator
		{A3B684EA-BE08-4FD7-B296-7967C1645FD8}.Ad-Hoc|x86.Build.0 = Debug|iPhoneSimulator
		{A3B684EA-BE08-4FD7-B296-7967C1645FD8}.AppStore|Any CPU.ActiveCfg = Debug|iPhoneSimulator
		{A3B684EA-BE08-4FD7-B296-7967C1645FD8}.AppStore|Any CPU.Build.0 = Debug|iPhoneSimulator
		{A3B684EA-BE08-4FD7-B296-7967C1645FD8}.AppStore|ARM.ActiveCfg = Debug|iPhoneSimulator
		{A3B684EA-BE08-4FD7-B296-7967C1645FD8}.AppStore|ARM.Build.0 = Debug|iPhoneSimulator
		{A3B684EA-BE08-4FD7-B296-7967C1645FD8}.AppStore|ARM64.ActiveCfg = Debug|iPhoneSimulator
		{A3B684EA-BE08-4FD7-B296-7967C1645FD8}.AppStore|ARM64.Build.0 = Debug|iPhoneSimulator
		{A3B684EA-BE08-4FD7-B296-7967C1645FD8}.AppStore|iPhone.ActiveCfg = Debug|iPhoneSimulator
		{A3B684EA-BE08-4FD7-B296-7967C1645FD8}.AppStore|iPhone.Build.0 = Debug|iPhoneSimulator
		{A3B684EA-BE08-4FD7-B296-7967C1645FD8}.AppStore|iPhoneSimulator.ActiveCfg = Debug|iPhoneSimulator
		{A3B684EA-BE08-4FD7-B296-7967C1645FD8}.AppStore|iPhoneSimulator.Build.0 = Debug|iPhoneSimulator
		{A3B684EA-BE08-4FD7-B296-7967C1645FD8}.AppStore|x64.ActiveCfg = Debug|iPhoneSimulator
		{A3B684EA-BE08-4FD7-B296-7967C1645FD8}.AppStore|x64.Build.0 = Debug|iPhoneSimulator
		{A3B684EA-BE08-4FD7-B296-7967C1645FD8}.AppStore|x86.ActiveCfg = Debug|iPhoneSimulator
		{A3B684EA-BE08-4FD7-B296-7967C1645FD8}.AppStore|x86.Build.0 = Debug|iPhoneSimulator
		{A3B684EA-BE08-4FD7-B296-7967C1645FD8}.Debug|Any CPU.ActiveCfg = Debug|iPhoneSimulator
		{A3B684EA-BE08-4FD7-B296-7967C1645FD8}.Debug|ARM.ActiveCfg = Debug|iPhoneSimulator
		{A3B684EA-BE08-4FD7-B296-7967C1645FD8}.Debug|ARM64.ActiveCfg = Debug|iPhoneSimulator
		{A3B684EA-BE08-4FD7-B296-7967C1645FD8}.Debug|iPhone.ActiveCfg = Debug|iPhoneSimulator
		{A3B684EA-BE08-4FD7-B296-7967C1645FD8}.Debug|iPhoneSimulator.ActiveCfg = Debug|iPhoneSimulator
		{A3B684EA-BE08-4FD7-B296-7967C1645FD8}.Debug|iPhoneSimulator.Build.0 = Debug|iPhoneSimulator
		{A3B684EA-BE08-4FD7-B296-7967C1645FD8}.Debug|x64.ActiveCfg = Debug|iPhoneSimulator
		{A3B684EA-BE08-4FD7-B296-7967C1645FD8}.Debug|x86.ActiveCfg = Debug|iPhoneSimulator
		{A3B684EA-BE08-4FD7-B296-7967C1645FD8}.Release|Any CPU.ActiveCfg = Release|iPhoneSimulator
		{A3B684EA-BE08-4FD7-B296-7967C1645FD8}.Release|ARM.ActiveCfg = Release|iPhoneSimulator
		{A3B684EA-BE08-4FD7-B296-7967C1645FD8}.Release|ARM64.ActiveCfg = Release|iPhoneSimulator
		{A3B684EA-BE08-4FD7-B296-7967C1645FD8}.Release|iPhone.ActiveCfg = Release|iPhoneSimulator
		{A3B684EA-BE08-4FD7-B296-7967C1645FD8}.Release|iPhoneSimulator.ActiveCfg = Release|iPhoneSimulator
		{A3B684EA-BE08-4FD7-B296-7967C1645FD8}.Release|iPhoneSimulator.Build.0 = Release|iPhoneSimulator
		{A3B684EA-BE08-4FD7-B296-7967C1645FD8}.Release|x64.ActiveCfg = Release|iPhoneSimulator
		{A3B684EA-BE08-4FD7-B296-7967C1645FD8}.Release|x86.ActiveCfg = Release|iPhoneSimulator
		{E7254023-D19A-4CF3-9B5D-C333FDF5235F}.Ad-Hoc|Any CPU.ActiveCfg = Debug|Any CPU
		{E7254023-D19A-4CF3-9B5D-C333FDF5235F}.Ad-Hoc|Any CPU.Build.0 = Debug|Any CPU
		{E7254023-D19A-4CF3-9B5D-C333FDF5235F}.Ad-Hoc|ARM.ActiveCfg = Debug|Any CPU
		{E7254023-D19A-4CF3-9B5D-C333FDF5235F}.Ad-Hoc|ARM.Build.0 = Debug|Any CPU
		{E7254023-D19A-4CF3-9B5D-C333FDF5235F}.Ad-Hoc|ARM64.ActiveCfg = Debug|Any CPU
		{E7254023-D19A-4CF3-9B5D-C333FDF5235F}.Ad-Hoc|ARM64.Build.0 = Debug|Any CPU
		{E7254023-D19A-4CF3-9B5D-C333FDF5235F}.Ad-Hoc|iPhone.ActiveCfg = Debug|Any CPU
		{E7254023-D19A-4CF3-9B5D-C333FDF5235F}.Ad-Hoc|iPhone.Build.0 = Debug|Any CPU
		{E7254023-D19A-4CF3-9B5D-C333FDF5235F}.Ad-Hoc|iPhoneSimulator.ActiveCfg = Debug|Any CPU
		{E7254023-D19A-4CF3-9B5D-C333FDF5235F}.Ad-Hoc|iPhoneSimulator.Build.0 = Debug|Any CPU
		{E7254023-D19A-4CF3-9B5D-C333FDF5235F}.Ad-Hoc|x64.ActiveCfg = Debug|Any CPU
		{E7254023-D19A-4CF3-9B5D-C333FDF5235F}.Ad-Hoc|x64.Build.0 = Debug|Any CPU
		{E7254023-D19A-4CF3-9B5D-C333FDF5235F}.Ad-Hoc|x86.ActiveCfg = Debug|Any CPU
		{E7254023-D19A-4CF3-9B5D-C333FDF5235F}.Ad-Hoc|x86.Build.0 = Debug|Any CPU
		{E7254023-D19A-4CF3-9B5D-C333FDF5235F}.AppStore|Any CPU.ActiveCfg = Debug|Any CPU
		{E7254023-D19A-4CF3-9B5D-C333FDF5235F}.AppStore|Any CPU.Build.0 = Debug|Any CPU
		{E7254023-D19A-4CF3-9B5D-C333FDF5235F}.AppStore|ARM.ActiveCfg = Debug|Any CPU
		{E7254023-D19A-4CF3-9B5D-C333FDF5235F}.AppStore|ARM.Build.0 = Debug|Any CPU
		{E7254023-D19A-4CF3-9B5D-C333FDF5235F}.AppStore|ARM64.ActiveCfg = Debug|Any CPU
		{E7254023-D19A-4CF3-9B5D-C333FDF5235F}.AppStore|ARM64.Build.0 = Debug|Any CPU
		{E7254023-D19A-4CF3-9B5D-C333FDF5235F}.AppStore|iPhone.ActiveCfg = Debug|Any CPU
		{E7254023-D19A-4CF3-9B5D-C333FDF5235F}.AppStore|iPhone.Build.0 = Debug|Any CPU
		{E7254023-D19A-4CF3-9B5D-C333FDF5235F}.AppStore|iPhoneSimulator.ActiveCfg = Debug|Any CPU
		{E7254023-D19A-4CF3-9B5D-C333FDF5235F}.AppStore|iPhoneSimulator.Build.0 = Debug|Any CPU
		{E7254023-D19A-4CF3-9B5D-C333FDF5235F}.AppStore|x64.ActiveCfg = Debug|Any CPU
		{E7254023-D19A-4CF3-9B5D-C333FDF5235F}.AppStore|x64.Build.0 = Debug|Any CPU
		{E7254023-D19A-4CF3-9B5D-C333FDF5235F}.AppStore|x86.ActiveCfg = Debug|Any CPU
		{E7254023-D19A-4CF3-9B5D-C333FDF5235F}.AppStore|x86.Build.0 = Debug|Any CPU
		{E7254023-D19A-4CF3-9B5D-C333FDF5235F}.Debug|Any CPU.ActiveCfg = Debug|Any CPU
		{E7254023-D19A-4CF3-9B5D-C333FDF5235F}.Debug|Any CPU.Build.0 = Debug|Any CPU
		{E7254023-D19A-4CF3-9B5D-C333FDF5235F}.Debug|ARM.ActiveCfg = Debug|Any CPU
		{E7254023-D19A-4CF3-9B5D-C333FDF5235F}.Debug|ARM.Build.0 = Debug|Any CPU
		{E7254023-D19A-4CF3-9B5D-C333FDF5235F}.Debug|ARM64.ActiveCfg = Debug|Any CPU
		{E7254023-D19A-4CF3-9B5D-C333FDF5235F}.Debug|ARM64.Build.0 = Debug|Any CPU
		{E7254023-D19A-4CF3-9B5D-C333FDF5235F}.Debug|iPhone.ActiveCfg = Debug|Any CPU
		{E7254023-D19A-4CF3-9B5D-C333FDF5235F}.Debug|iPhone.Build.0 = Debug|Any CPU
		{E7254023-D19A-4CF3-9B5D-C333FDF5235F}.Debug|iPhoneSimulator.ActiveCfg = Debug|Any CPU
		{E7254023-D19A-4CF3-9B5D-C333FDF5235F}.Debug|iPhoneSimulator.Build.0 = Debug|Any CPU
		{E7254023-D19A-4CF3-9B5D-C333FDF5235F}.Debug|x64.ActiveCfg = Debug|Any CPU
		{E7254023-D19A-4CF3-9B5D-C333FDF5235F}.Debug|x64.Build.0 = Debug|Any CPU
		{E7254023-D19A-4CF3-9B5D-C333FDF5235F}.Debug|x86.ActiveCfg = Debug|Any CPU
		{E7254023-D19A-4CF3-9B5D-C333FDF5235F}.Debug|x86.Build.0 = Debug|Any CPU
		{E7254023-D19A-4CF3-9B5D-C333FDF5235F}.Release|Any CPU.ActiveCfg = Release|Any CPU
		{E7254023-D19A-4CF3-9B5D-C333FDF5235F}.Release|Any CPU.Build.0 = Release|Any CPU
		{E7254023-D19A-4CF3-9B5D-C333FDF5235F}.Release|ARM.ActiveCfg = Release|Any CPU
		{E7254023-D19A-4CF3-9B5D-C333FDF5235F}.Release|ARM.Build.0 = Release|Any CPU
		{E7254023-D19A-4CF3-9B5D-C333FDF5235F}.Release|ARM64.ActiveCfg = Release|Any CPU
		{E7254023-D19A-4CF3-9B5D-C333FDF5235F}.Release|ARM64.Build.0 = Release|Any CPU
		{E7254023-D19A-4CF3-9B5D-C333FDF5235F}.Release|iPhone.ActiveCfg = Release|Any CPU
		{E7254023-D19A-4CF3-9B5D-C333FDF5235F}.Release|iPhone.Build.0 = Release|Any CPU
		{E7254023-D19A-4CF3-9B5D-C333FDF5235F}.Release|iPhoneSimulator.ActiveCfg = Release|Any CPU
		{E7254023-D19A-4CF3-9B5D-C333FDF5235F}.Release|iPhoneSimulator.Build.0 = Release|Any CPU
		{E7254023-D19A-4CF3-9B5D-C333FDF5235F}.Release|x64.ActiveCfg = Release|Any CPU
		{E7254023-D19A-4CF3-9B5D-C333FDF5235F}.Release|x64.Build.0 = Release|Any CPU
		{E7254023-D19A-4CF3-9B5D-C333FDF5235F}.Release|x86.ActiveCfg = Release|Any CPU
		{E7254023-D19A-4CF3-9B5D-C333FDF5235F}.Release|x86.Build.0 = Release|Any CPU
		{216C5F76-5D92-4D56-93D8-F10A04E44C8A}.Ad-Hoc|Any CPU.ActiveCfg = Debug|Any CPU
		{216C5F76-5D92-4D56-93D8-F10A04E44C8A}.Ad-Hoc|Any CPU.Build.0 = Debug|Any CPU
		{216C5F76-5D92-4D56-93D8-F10A04E44C8A}.Ad-Hoc|ARM.ActiveCfg = Debug|Any CPU
		{216C5F76-5D92-4D56-93D8-F10A04E44C8A}.Ad-Hoc|ARM.Build.0 = Debug|Any CPU
		{216C5F76-5D92-4D56-93D8-F10A04E44C8A}.Ad-Hoc|ARM64.ActiveCfg = Debug|Any CPU
		{216C5F76-5D92-4D56-93D8-F10A04E44C8A}.Ad-Hoc|ARM64.Build.0 = Debug|Any CPU
		{216C5F76-5D92-4D56-93D8-F10A04E44C8A}.Ad-Hoc|iPhone.ActiveCfg = Debug|Any CPU
		{216C5F76-5D92-4D56-93D8-F10A04E44C8A}.Ad-Hoc|iPhone.Build.0 = Debug|Any CPU
		{216C5F76-5D92-4D56-93D8-F10A04E44C8A}.Ad-Hoc|iPhoneSimulator.ActiveCfg = Debug|Any CPU
		{216C5F76-5D92-4D56-93D8-F10A04E44C8A}.Ad-Hoc|iPhoneSimulator.Build.0 = Debug|Any CPU
		{216C5F76-5D92-4D56-93D8-F10A04E44C8A}.Ad-Hoc|x64.ActiveCfg = Debug|Any CPU
		{216C5F76-5D92-4D56-93D8-F10A04E44C8A}.Ad-Hoc|x64.Build.0 = Debug|Any CPU
		{216C5F76-5D92-4D56-93D8-F10A04E44C8A}.Ad-Hoc|x86.ActiveCfg = Debug|Any CPU
		{216C5F76-5D92-4D56-93D8-F10A04E44C8A}.Ad-Hoc|x86.Build.0 = Debug|Any CPU
		{216C5F76-5D92-4D56-93D8-F10A04E44C8A}.AppStore|Any CPU.ActiveCfg = Debug|Any CPU
		{216C5F76-5D92-4D56-93D8-F10A04E44C8A}.AppStore|Any CPU.Build.0 = Debug|Any CPU
		{216C5F76-5D92-4D56-93D8-F10A04E44C8A}.AppStore|ARM.ActiveCfg = Debug|Any CPU
		{216C5F76-5D92-4D56-93D8-F10A04E44C8A}.AppStore|ARM.Build.0 = Debug|Any CPU
		{216C5F76-5D92-4D56-93D8-F10A04E44C8A}.AppStore|ARM64.ActiveCfg = Debug|Any CPU
		{216C5F76-5D92-4D56-93D8-F10A04E44C8A}.AppStore|ARM64.Build.0 = Debug|Any CPU
		{216C5F76-5D92-4D56-93D8-F10A04E44C8A}.AppStore|iPhone.ActiveCfg = Debug|Any CPU
		{216C5F76-5D92-4D56-93D8-F10A04E44C8A}.AppStore|iPhone.Build.0 = Debug|Any CPU
		{216C5F76-5D92-4D56-93D8-F10A04E44C8A}.AppStore|iPhoneSimulator.ActiveCfg = Debug|Any CPU
		{216C5F76-5D92-4D56-93D8-F10A04E44C8A}.AppStore|iPhoneSimulator.Build.0 = Debug|Any CPU
		{216C5F76-5D92-4D56-93D8-F10A04E44C8A}.AppStore|x64.ActiveCfg = Debug|Any CPU
		{216C5F76-5D92-4D56-93D8-F10A04E44C8A}.AppStore|x64.Build.0 = Debug|Any CPU
		{216C5F76-5D92-4D56-93D8-F10A04E44C8A}.AppStore|x86.ActiveCfg = Debug|Any CPU
		{216C5F76-5D92-4D56-93D8-F10A04E44C8A}.AppStore|x86.Build.0 = Debug|Any CPU
		{216C5F76-5D92-4D56-93D8-F10A04E44C8A}.Debug|Any CPU.ActiveCfg = Debug|Any CPU
		{216C5F76-5D92-4D56-93D8-F10A04E44C8A}.Debug|Any CPU.Build.0 = Debug|Any CPU
		{216C5F76-5D92-4D56-93D8-F10A04E44C8A}.Debug|ARM.ActiveCfg = Debug|Any CPU
		{216C5F76-5D92-4D56-93D8-F10A04E44C8A}.Debug|ARM.Build.0 = Debug|Any CPU
		{216C5F76-5D92-4D56-93D8-F10A04E44C8A}.Debug|ARM64.ActiveCfg = Debug|Any CPU
		{216C5F76-5D92-4D56-93D8-F10A04E44C8A}.Debug|ARM64.Build.0 = Debug|Any CPU
		{216C5F76-5D92-4D56-93D8-F10A04E44C8A}.Debug|iPhone.ActiveCfg = Debug|Any CPU
		{216C5F76-5D92-4D56-93D8-F10A04E44C8A}.Debug|iPhone.Build.0 = Debug|Any CPU
		{216C5F76-5D92-4D56-93D8-F10A04E44C8A}.Debug|iPhoneSimulator.ActiveCfg = Debug|Any CPU
		{216C5F76-5D92-4D56-93D8-F10A04E44C8A}.Debug|iPhoneSimulator.Build.0 = Debug|Any CPU
		{216C5F76-5D92-4D56-93D8-F10A04E44C8A}.Debug|x64.ActiveCfg = Debug|Any CPU
		{216C5F76-5D92-4D56-93D8-F10A04E44C8A}.Debug|x64.Build.0 = Debug|Any CPU
		{216C5F76-5D92-4D56-93D8-F10A04E44C8A}.Debug|x86.ActiveCfg = Debug|Any CPU
		{216C5F76-5D92-4D56-93D8-F10A04E44C8A}.Debug|x86.Build.0 = Debug|Any CPU
		{216C5F76-5D92-4D56-93D8-F10A04E44C8A}.Release|Any CPU.ActiveCfg = Release|Any CPU
		{216C5F76-5D92-4D56-93D8-F10A04E44C8A}.Release|Any CPU.Build.0 = Release|Any CPU
		{216C5F76-5D92-4D56-93D8-F10A04E44C8A}.Release|ARM.ActiveCfg = Release|Any CPU
		{216C5F76-5D92-4D56-93D8-F10A04E44C8A}.Release|ARM.Build.0 = Release|Any CPU
		{216C5F76-5D92-4D56-93D8-F10A04E44C8A}.Release|ARM64.ActiveCfg = Release|Any CPU
		{216C5F76-5D92-4D56-93D8-F10A04E44C8A}.Release|ARM64.Build.0 = Release|Any CPU
		{216C5F76-5D92-4D56-93D8-F10A04E44C8A}.Release|iPhone.ActiveCfg = Release|Any CPU
		{216C5F76-5D92-4D56-93D8-F10A04E44C8A}.Release|iPhone.Build.0 = Release|Any CPU
		{216C5F76-5D92-4D56-93D8-F10A04E44C8A}.Release|iPhoneSimulator.ActiveCfg = Release|Any CPU
		{216C5F76-5D92-4D56-93D8-F10A04E44C8A}.Release|iPhoneSimulator.Build.0 = Release|Any CPU
		{216C5F76-5D92-4D56-93D8-F10A04E44C8A}.Release|x64.ActiveCfg = Release|Any CPU
		{216C5F76-5D92-4D56-93D8-F10A04E44C8A}.Release|x64.Build.0 = Release|Any CPU
		{216C5F76-5D92-4D56-93D8-F10A04E44C8A}.Release|x86.ActiveCfg = Release|Any CPU
		{216C5F76-5D92-4D56-93D8-F10A04E44C8A}.Release|x86.Build.0 = Release|Any CPU
		{F66ACACA-FD05-469F-A8B0-B537BE947347}.Ad-Hoc|Any CPU.ActiveCfg = Debug|Any CPU
		{F66ACACA-FD05-469F-A8B0-B537BE947347}.Ad-Hoc|Any CPU.Build.0 = Debug|Any CPU
		{F66ACACA-FD05-469F-A8B0-B537BE947347}.Ad-Hoc|ARM.ActiveCfg = Debug|Any CPU
		{F66ACACA-FD05-469F-A8B0-B537BE947347}.Ad-Hoc|ARM.Build.0 = Debug|Any CPU
		{F66ACACA-FD05-469F-A8B0-B537BE947347}.Ad-Hoc|ARM64.ActiveCfg = Debug|Any CPU
		{F66ACACA-FD05-469F-A8B0-B537BE947347}.Ad-Hoc|ARM64.Build.0 = Debug|Any CPU
		{F66ACACA-FD05-469F-A8B0-B537BE947347}.Ad-Hoc|iPhone.ActiveCfg = Debug|Any CPU
		{F66ACACA-FD05-469F-A8B0-B537BE947347}.Ad-Hoc|iPhone.Build.0 = Debug|Any CPU
		{F66ACACA-FD05-469F-A8B0-B537BE947347}.Ad-Hoc|iPhoneSimulator.ActiveCfg = Debug|Any CPU
		{F66ACACA-FD05-469F-A8B0-B537BE947347}.Ad-Hoc|iPhoneSimulator.Build.0 = Debug|Any CPU
		{F66ACACA-FD05-469F-A8B0-B537BE947347}.Ad-Hoc|x64.ActiveCfg = Debug|Any CPU
		{F66ACACA-FD05-469F-A8B0-B537BE947347}.Ad-Hoc|x64.Build.0 = Debug|Any CPU
		{F66ACACA-FD05-469F-A8B0-B537BE947347}.Ad-Hoc|x86.ActiveCfg = Debug|Any CPU
		{F66ACACA-FD05-469F-A8B0-B537BE947347}.Ad-Hoc|x86.Build.0 = Debug|Any CPU
		{F66ACACA-FD05-469F-A8B0-B537BE947347}.AppStore|Any CPU.ActiveCfg = Debug|Any CPU
		{F66ACACA-FD05-469F-A8B0-B537BE947347}.AppStore|Any CPU.Build.0 = Debug|Any CPU
		{F66ACACA-FD05-469F-A8B0-B537BE947347}.AppStore|ARM.ActiveCfg = Debug|Any CPU
		{F66ACACA-FD05-469F-A8B0-B537BE947347}.AppStore|ARM.Build.0 = Debug|Any CPU
		{F66ACACA-FD05-469F-A8B0-B537BE947347}.AppStore|ARM64.ActiveCfg = Debug|Any CPU
		{F66ACACA-FD05-469F-A8B0-B537BE947347}.AppStore|ARM64.Build.0 = Debug|Any CPU
		{F66ACACA-FD05-469F-A8B0-B537BE947347}.AppStore|iPhone.ActiveCfg = Debug|Any CPU
		{F66ACACA-FD05-469F-A8B0-B537BE947347}.AppStore|iPhone.Build.0 = Debug|Any CPU
		{F66ACACA-FD05-469F-A8B0-B537BE947347}.AppStore|iPhoneSimulator.ActiveCfg = Debug|Any CPU
		{F66ACACA-FD05-469F-A8B0-B537BE947347}.AppStore|iPhoneSimulator.Build.0 = Debug|Any CPU
		{F66ACACA-FD05-469F-A8B0-B537BE947347}.AppStore|x64.ActiveCfg = Debug|Any CPU
		{F66ACACA-FD05-469F-A8B0-B537BE947347}.AppStore|x64.Build.0 = Debug|Any CPU
		{F66ACACA-FD05-469F-A8B0-B537BE947347}.AppStore|x86.ActiveCfg = Debug|Any CPU
		{F66ACACA-FD05-469F-A8B0-B537BE947347}.AppStore|x86.Build.0 = Debug|Any CPU
		{F66ACACA-FD05-469F-A8B0-B537BE947347}.Debug|Any CPU.ActiveCfg = Debug|Any CPU
		{F66ACACA-FD05-469F-A8B0-B537BE947347}.Debug|Any CPU.Build.0 = Debug|Any CPU
		{F66ACACA-FD05-469F-A8B0-B537BE947347}.Debug|ARM.ActiveCfg = Debug|Any CPU
		{F66ACACA-FD05-469F-A8B0-B537BE947347}.Debug|ARM.Build.0 = Debug|Any CPU
		{F66ACACA-FD05-469F-A8B0-B537BE947347}.Debug|ARM64.ActiveCfg = Debug|Any CPU
		{F66ACACA-FD05-469F-A8B0-B537BE947347}.Debug|ARM64.Build.0 = Debug|Any CPU
		{F66ACACA-FD05-469F-A8B0-B537BE947347}.Debug|iPhone.ActiveCfg = Debug|Any CPU
		{F66ACACA-FD05-469F-A8B0-B537BE947347}.Debug|iPhone.Build.0 = Debug|Any CPU
		{F66ACACA-FD05-469F-A8B0-B537BE947347}.Debug|iPhoneSimulator.ActiveCfg = Debug|Any CPU
		{F66ACACA-FD05-469F-A8B0-B537BE947347}.Debug|iPhoneSimulator.Build.0 = Debug|Any CPU
		{F66ACACA-FD05-469F-A8B0-B537BE947347}.Debug|x64.ActiveCfg = Debug|Any CPU
		{F66ACACA-FD05-469F-A8B0-B537BE947347}.Debug|x64.Build.0 = Debug|Any CPU
		{F66ACACA-FD05-469F-A8B0-B537BE947347}.Debug|x86.ActiveCfg = Debug|Any CPU
		{F66ACACA-FD05-469F-A8B0-B537BE947347}.Debug|x86.Build.0 = Debug|Any CPU
		{F66ACACA-FD05-469F-A8B0-B537BE947347}.Release|Any CPU.ActiveCfg = Release|Any CPU
		{F66ACACA-FD05-469F-A8B0-B537BE947347}.Release|Any CPU.Build.0 = Release|Any CPU
		{F66ACACA-FD05-469F-A8B0-B537BE947347}.Release|ARM.ActiveCfg = Release|Any CPU
		{F66ACACA-FD05-469F-A8B0-B537BE947347}.Release|ARM.Build.0 = Release|Any CPU
		{F66ACACA-FD05-469F-A8B0-B537BE947347}.Release|ARM64.ActiveCfg = Release|Any CPU
		{F66ACACA-FD05-469F-A8B0-B537BE947347}.Release|ARM64.Build.0 = Release|Any CPU
		{F66ACACA-FD05-469F-A8B0-B537BE947347}.Release|iPhone.ActiveCfg = Release|Any CPU
		{F66ACACA-FD05-469F-A8B0-B537BE947347}.Release|iPhone.Build.0 = Release|Any CPU
		{F66ACACA-FD05-469F-A8B0-B537BE947347}.Release|iPhoneSimulator.ActiveCfg = Release|Any CPU
		{F66ACACA-FD05-469F-A8B0-B537BE947347}.Release|iPhoneSimulator.Build.0 = Release|Any CPU
		{F66ACACA-FD05-469F-A8B0-B537BE947347}.Release|x64.ActiveCfg = Release|Any CPU
		{F66ACACA-FD05-469F-A8B0-B537BE947347}.Release|x64.Build.0 = Release|Any CPU
		{F66ACACA-FD05-469F-A8B0-B537BE947347}.Release|x86.ActiveCfg = Release|Any CPU
		{F66ACACA-FD05-469F-A8B0-B537BE947347}.Release|x86.Build.0 = Release|Any CPU
		{7F9FEA98-3BC7-4105-B838-5F6C84CBBBA6}.Ad-Hoc|Any CPU.ActiveCfg = Debug|Any CPU
		{7F9FEA98-3BC7-4105-B838-5F6C84CBBBA6}.Ad-Hoc|Any CPU.Build.0 = Debug|Any CPU
		{7F9FEA98-3BC7-4105-B838-5F6C84CBBBA6}.Ad-Hoc|ARM.ActiveCfg = Debug|Any CPU
		{7F9FEA98-3BC7-4105-B838-5F6C84CBBBA6}.Ad-Hoc|ARM.Build.0 = Debug|Any CPU
		{7F9FEA98-3BC7-4105-B838-5F6C84CBBBA6}.Ad-Hoc|ARM64.ActiveCfg = Debug|Any CPU
		{7F9FEA98-3BC7-4105-B838-5F6C84CBBBA6}.Ad-Hoc|ARM64.Build.0 = Debug|Any CPU
		{7F9FEA98-3BC7-4105-B838-5F6C84CBBBA6}.Ad-Hoc|iPhone.ActiveCfg = Debug|Any CPU
		{7F9FEA98-3BC7-4105-B838-5F6C84CBBBA6}.Ad-Hoc|iPhone.Build.0 = Debug|Any CPU
		{7F9FEA98-3BC7-4105-B838-5F6C84CBBBA6}.Ad-Hoc|iPhoneSimulator.ActiveCfg = Debug|Any CPU
		{7F9FEA98-3BC7-4105-B838-5F6C84CBBBA6}.Ad-Hoc|iPhoneSimulator.Build.0 = Debug|Any CPU
		{7F9FEA98-3BC7-4105-B838-5F6C84CBBBA6}.Ad-Hoc|x64.ActiveCfg = Debug|Any CPU
		{7F9FEA98-3BC7-4105-B838-5F6C84CBBBA6}.Ad-Hoc|x64.Build.0 = Debug|Any CPU
		{7F9FEA98-3BC7-4105-B838-5F6C84CBBBA6}.Ad-Hoc|x86.ActiveCfg = Debug|Any CPU
		{7F9FEA98-3BC7-4105-B838-5F6C84CBBBA6}.Ad-Hoc|x86.Build.0 = Debug|Any CPU
		{7F9FEA98-3BC7-4105-B838-5F6C84CBBBA6}.AppStore|Any CPU.ActiveCfg = Debug|Any CPU
		{7F9FEA98-3BC7-4105-B838-5F6C84CBBBA6}.AppStore|Any CPU.Build.0 = Debug|Any CPU
		{7F9FEA98-3BC7-4105-B838-5F6C84CBBBA6}.AppStore|ARM.ActiveCfg = Debug|Any CPU
		{7F9FEA98-3BC7-4105-B838-5F6C84CBBBA6}.AppStore|ARM.Build.0 = Debug|Any CPU
		{7F9FEA98-3BC7-4105-B838-5F6C84CBBBA6}.AppStore|ARM64.ActiveCfg = Debug|Any CPU
		{7F9FEA98-3BC7-4105-B838-5F6C84CBBBA6}.AppStore|ARM64.Build.0 = Debug|Any CPU
		{7F9FEA98-3BC7-4105-B838-5F6C84CBBBA6}.AppStore|iPhone.ActiveCfg = Debug|Any CPU
		{7F9FEA98-3BC7-4105-B838-5F6C84CBBBA6}.AppStore|iPhone.Build.0 = Debug|Any CPU
		{7F9FEA98-3BC7-4105-B838-5F6C84CBBBA6}.AppStore|iPhoneSimulator.ActiveCfg = Debug|Any CPU
		{7F9FEA98-3BC7-4105-B838-5F6C84CBBBA6}.AppStore|iPhoneSimulator.Build.0 = Debug|Any CPU
		{7F9FEA98-3BC7-4105-B838-5F6C84CBBBA6}.AppStore|x64.ActiveCfg = Debug|Any CPU
		{7F9FEA98-3BC7-4105-B838-5F6C84CBBBA6}.AppStore|x64.Build.0 = Debug|Any CPU
		{7F9FEA98-3BC7-4105-B838-5F6C84CBBBA6}.AppStore|x86.ActiveCfg = Debug|Any CPU
		{7F9FEA98-3BC7-4105-B838-5F6C84CBBBA6}.AppStore|x86.Build.0 = Debug|Any CPU
		{7F9FEA98-3BC7-4105-B838-5F6C84CBBBA6}.Debug|Any CPU.ActiveCfg = Debug|Any CPU
		{7F9FEA98-3BC7-4105-B838-5F6C84CBBBA6}.Debug|Any CPU.Build.0 = Debug|Any CPU
		{7F9FEA98-3BC7-4105-B838-5F6C84CBBBA6}.Debug|ARM.ActiveCfg = Debug|Any CPU
		{7F9FEA98-3BC7-4105-B838-5F6C84CBBBA6}.Debug|ARM.Build.0 = Debug|Any CPU
		{7F9FEA98-3BC7-4105-B838-5F6C84CBBBA6}.Debug|ARM64.ActiveCfg = Debug|Any CPU
		{7F9FEA98-3BC7-4105-B838-5F6C84CBBBA6}.Debug|ARM64.Build.0 = Debug|Any CPU
		{7F9FEA98-3BC7-4105-B838-5F6C84CBBBA6}.Debug|iPhone.ActiveCfg = Debug|Any CPU
		{7F9FEA98-3BC7-4105-B838-5F6C84CBBBA6}.Debug|iPhone.Build.0 = Debug|Any CPU
		{7F9FEA98-3BC7-4105-B838-5F6C84CBBBA6}.Debug|iPhoneSimulator.ActiveCfg = Debug|Any CPU
		{7F9FEA98-3BC7-4105-B838-5F6C84CBBBA6}.Debug|iPhoneSimulator.Build.0 = Debug|Any CPU
		{7F9FEA98-3BC7-4105-B838-5F6C84CBBBA6}.Debug|x64.ActiveCfg = Debug|Any CPU
		{7F9FEA98-3BC7-4105-B838-5F6C84CBBBA6}.Debug|x64.Build.0 = Debug|Any CPU
		{7F9FEA98-3BC7-4105-B838-5F6C84CBBBA6}.Debug|x86.ActiveCfg = Debug|Any CPU
		{7F9FEA98-3BC7-4105-B838-5F6C84CBBBA6}.Debug|x86.Build.0 = Debug|Any CPU
		{7F9FEA98-3BC7-4105-B838-5F6C84CBBBA6}.Release|Any CPU.ActiveCfg = Release|Any CPU
		{7F9FEA98-3BC7-4105-B838-5F6C84CBBBA6}.Release|Any CPU.Build.0 = Release|Any CPU
		{7F9FEA98-3BC7-4105-B838-5F6C84CBBBA6}.Release|ARM.ActiveCfg = Release|Any CPU
		{7F9FEA98-3BC7-4105-B838-5F6C84CBBBA6}.Release|ARM.Build.0 = Release|Any CPU
		{7F9FEA98-3BC7-4105-B838-5F6C84CBBBA6}.Release|ARM64.ActiveCfg = Release|Any CPU
		{7F9FEA98-3BC7-4105-B838-5F6C84CBBBA6}.Release|ARM64.Build.0 = Release|Any CPU
		{7F9FEA98-3BC7-4105-B838-5F6C84CBBBA6}.Release|iPhone.ActiveCfg = Release|Any CPU
		{7F9FEA98-3BC7-4105-B838-5F6C84CBBBA6}.Release|iPhone.Build.0 = Release|Any CPU
		{7F9FEA98-3BC7-4105-B838-5F6C84CBBBA6}.Release|iPhoneSimulator.ActiveCfg = Release|Any CPU
		{7F9FEA98-3BC7-4105-B838-5F6C84CBBBA6}.Release|iPhoneSimulator.Build.0 = Release|Any CPU
		{7F9FEA98-3BC7-4105-B838-5F6C84CBBBA6}.Release|x64.ActiveCfg = Release|Any CPU
		{7F9FEA98-3BC7-4105-B838-5F6C84CBBBA6}.Release|x64.Build.0 = Release|Any CPU
		{7F9FEA98-3BC7-4105-B838-5F6C84CBBBA6}.Release|x86.ActiveCfg = Release|Any CPU
		{7F9FEA98-3BC7-4105-B838-5F6C84CBBBA6}.Release|x86.Build.0 = Release|Any CPU
	EndGlobalSection
	GlobalSection(SolutionProperties) = preSolution
		HideSolutionNode = FALSE
	EndGlobalSection
	GlobalSection(NestedProjects) = preSolution
		{3EA32451-D6B6-4BA8-9E9D-2FDB47EA4A18} = {F4B53951-0389-4615-87D1-B1BDA2BD4FE5}
		{24DEE1F3-6F45-42B0-BDA4-15110DD52805} = {F4B53951-0389-4615-87D1-B1BDA2BD4FE5}
		{1D56A3BC-3E11-495F-93CA-D3D647413255} = {F4B53951-0389-4615-87D1-B1BDA2BD4FE5}
		{1CB5AA43-1B35-4BF0-85A4-C5729D89086A} = {F4B53951-0389-4615-87D1-B1BDA2BD4FE5}
		{A3B684EA-BE08-4FD7-B296-7967C1645FD8} = {F4B53951-0389-4615-87D1-B1BDA2BD4FE5}
		{E7254023-D19A-4CF3-9B5D-C333FDF5235F} = {F4B53951-0389-4615-87D1-B1BDA2BD4FE5}
		{216C5F76-5D92-4D56-93D8-F10A04E44C8A} = {F4B53951-0389-4615-87D1-B1BDA2BD4FE5}
		{F66ACACA-FD05-469F-A8B0-B537BE947347} = {F4B53951-0389-4615-87D1-B1BDA2BD4FE5}
		{7F9FEA98-3BC7-4105-B838-5F6C84CBBBA6} = {F4B53951-0389-4615-87D1-B1BDA2BD4FE5}
	EndGlobalSection
	GlobalSection(ExtensibilityGlobals) = postSolution
		SolutionGuid = {67B42E94-E116-49D5-9FDC-386478927F5D}
	EndGlobalSection
EndGlobal
